
Microsoft Visual Studio Solution File, Format Version 12.00
# Visual Studio Version 16
VisualStudioVersion = 16.0.30104.148
MinimumVisualStudioVersion = 10.0.40219.1
Project("{FAE04EC0-301F-11D3-BF4B-00C04F79EFBC}") = "Zadanie7", "Zadanie7.csproj", "{10800DA3-502F-4333-90FB-B85A9BCC1DF8}"
EndProject
Global
	GlobalSection(SolutionConfigurationPlatforms) = preSolution
		Debug|Any CPU = Debug|Any CPU
		Release|Any CPU = Release|Any CPU
	EndGlobalSection
	GlobalSection(ProjectConfigurationPlatforms) = postSolution
		{10800DA3-502F-4333-90FB-B85A9BCC1DF8}.Debug|Any CPU.ActiveCfg = Debug|Any CPU
		{10800DA3-502F-4333-90FB-B85A9BCC1DF8}.Debug|Any CPU.Build.0 = Debug|Any CPU
		{10800DA3-502F-4333-90FB-B85A9BCC1DF8}.Release|Any CPU.ActiveCfg = Release|Any CPU
		{10800DA3-502F-4333-90FB-B85A9BCC1DF8}.Release|Any CPU.Build.0 = Release|Any CPU
	EndGlobalSection
	GlobalSection(SolutionProperties) = preSolution
		HideSolutionNode = FALSE
	EndGlobalSection
	GlobalSection(ExtensibilityGlobals) = postSolution
		SolutionGuid = {AEE9BBEC-C052-45B6-80A5-A0D62DD76A58}
	EndGlobalSection
EndGlobal
